// !$*UTF8*$!
{
	archiveVersion = 1;
	classes = {
	};
	objectVersion = 46;
	objects = {

/* Begin PBXBuildFile section */
		E94466791DEDB89E00C52338 /* LrcScrollView.swift in Sources */ = {isa = PBXBuildFile; fileRef = E94466781DEDB89E00C52338 /* LrcScrollView.swift */; };
		E944667B1DEDBC0B00C52338 /* LrcViewCell.swift in Sources */ = {isa = PBXBuildFile; fileRef = E944667A1DEDBC0B00C52338 /* LrcViewCell.swift */; };
		E944667D1DEDD97F00C52338 /* LrcTools.swift in Sources */ = {isa = PBXBuildFile; fileRef = E944667C1DEDD97F00C52338 /* LrcTools.swift */; };
		E9468DE01DED5283006514EB /* CALayer-Extension.swift in Sources */ = {isa = PBXBuildFile; fileRef = E9468DDF1DED5283006514EB /* CALayer-Extension.swift */; };
		E96901241DEC126E00FA12DC /* AppDelegate.swift in Sources */ = {isa = PBXBuildFile; fileRef = E96901231DEC126E00FA12DC /* AppDelegate.swift */; };
		E96901291DEC126E00FA12DC /* Main.storyboard in Resources */ = {isa = PBXBuildFile; fileRef = E96901271DEC126E00FA12DC /* Main.storyboard */; };
		E969012B1DEC126E00FA12DC /* Assets.xcassets in Resources */ = {isa = PBXBuildFile; fileRef = E969012A1DEC126E00FA12DC /* Assets.xcassets */; };
		E969012E1DEC126E00FA12DC /* LaunchScreen.storyboard in Resources */ = {isa = PBXBuildFile; fileRef = E969012C1DEC126E00FA12DC /* LaunchScreen.storyboard */; };
		E96901671DEC172400FA12DC /* bb@2x.jpg in Resources */ = {isa = PBXBuildFile; fileRef = E969013C1DEC172400FA12DC /* bb@2x.jpg */; };
		E96901681DEC172400FA12DC /* bb_icon@2x.jpg in Resources */ = {isa = PBXBuildFile; fileRef = E969013D1DEC172400FA12DC /* bb_icon@2x.jpg */; };
		E96901691DEC172400FA12DC /* dzq@2x.jpg in Resources */ = {isa = PBXBuildFile; fileRef = E969013E1DEC172400FA12DC /* dzq@2x.jpg */; };
		E969016A1DEC172400FA12DC /* dzq_icon@2x.jpg in Resources */ = {isa = PBXBuildFile; fileRef = E969013F1DEC172400FA12DC /* dzq_icon@2x.jpg */; };
		E969016B1DEC172400FA12DC /* eason@2x.jpg in Resources */ = {isa = PBXBuildFile; fileRef = E96901401DEC172400FA12DC /* eason@2x.jpg */; };
		E969016C1DEC172400FA12DC /* eason_icon@2x.jpg in Resources */ = {isa = PBXBuildFile; fileRef = E96901411DEC172400FA12DC /* eason_icon@2x.jpg */; };
		E969016D1DEC172400FA12DC /* jay@2x.jpg in Resources */ = {isa = PBXBuildFile; fileRef = E96901421DEC172400FA12DC /* jay@2x.jpg */; };
		E969016E1DEC172400FA12DC /* jay_icon@2x.png in Resources */ = {isa = PBXBuildFile; fileRef = E96901431DEC172400FA12DC /* jay_icon@2x.png */; };
		E969016F1DEC172400FA12DC /* jj@2x.jpg in Resources */ = {isa = PBXBuildFile; fileRef = E96901441DEC172400FA12DC /* jj@2x.jpg */; };
		E96901701DEC172400FA12DC /* jj_icon@2x.png in Resources */ = {isa = PBXBuildFile; fileRef = E96901451DEC172400FA12DC /* jj_icon@2x.png */; };
		E96901711DEC172400FA12DC /* kzxd@2x.jpg in Resources */ = {isa = PBXBuildFile; fileRef = E96901461DEC172400FA12DC /* kzxd@2x.jpg */; };
		E96901721DEC172400FA12DC /* kzxd_icon@2x.jpg in Resources */ = {isa = PBXBuildFile; fileRef = E96901471DEC172400FA12DC /* kzxd_icon@2x.jpg */; };
		E96901731DEC172400FA12DC /* lkq@2x.jpg in Resources */ = {isa = PBXBuildFile; fileRef = E96901481DEC172400FA12DC /* lkq@2x.jpg */; };
		E96901741DEC172400FA12DC /* lkq_icon@2x.jpg in Resources */ = {isa = PBXBuildFile; fileRef = E96901491DEC172400FA12DC /* lkq_icon@2x.jpg */; };
		E96901751DEC172400FA12DC /* nanquan@2x.jpg in Resources */ = {isa = PBXBuildFile; fileRef = E969014A1DEC172400FA12DC /* nanquan@2x.jpg */; };
		E96901761DEC172400FA12DC /* nanquan_icon@2x.jpg in Resources */ = {isa = PBXBuildFile; fileRef = E969014B1DEC172400FA12DC /* nanquan_icon@2x.jpg */; };
		E96901771DEC172400FA12DC /* wf@2x.jpg in Resources */ = {isa = PBXBuildFile; fileRef = E969014C1DEC172400FA12DC /* wf@2x.jpg */; };
		E96901781DEC172400FA12DC /* wf_icon@2x.jpg in Resources */ = {isa = PBXBuildFile; fileRef = E969014D1DEC172400FA12DC /* wf_icon@2x.jpg */; };
		E96901791DEC172400FA12DC /* zxy@2x.jpg in Resources */ = {isa = PBXBuildFile; fileRef = E969014E1DEC172400FA12DC /* zxy@2x.jpg */; };
		E969017A1DEC172400FA12DC /* zxy_icon@2x.jpg in Resources */ = {isa = PBXBuildFile; fileRef = E969014F1DEC172400FA12DC /* zxy_icon@2x.jpg */; };
		E969017B1DEC172400FA12DC /* 10405520.lrc in Resources */ = {isa = PBXBuildFile; fileRef = E96901511DEC172400FA12DC /* 10405520.lrc */; };
		E969017C1DEC172400FA12DC /* 10736444.lrc in Resources */ = {isa = PBXBuildFile; fileRef = E96901521DEC172400FA12DC /* 10736444.lrc */; };
		E969017D1DEC172400FA12DC /* 120125029.lrc in Resources */ = {isa = PBXBuildFile; fileRef = E96901531DEC172400FA12DC /* 120125029.lrc */; };
		E969017E1DEC172400FA12DC /* 12309111.lrc in Resources */ = {isa = PBXBuildFile; fileRef = E96901541DEC172400FA12DC /* 12309111.lrc */; };
		E969017F1DEC172400FA12DC /* 14945107.lrc in Resources */ = {isa = PBXBuildFile; fileRef = E96901551DEC172400FA12DC /* 14945107.lrc */; };
		E96901801DEC172500FA12DC /* 235319.lrc in Resources */ = {isa = PBXBuildFile; fileRef = E96901561DEC172400FA12DC /* 235319.lrc */; };
		E96901811DEC172500FA12DC /* 255319.lrc in Resources */ = {isa = PBXBuildFile; fileRef = E96901571DEC172400FA12DC /* 255319.lrc */; };
		E96901821DEC172500FA12DC /* 309769.lrc in Resources */ = {isa = PBXBuildFile; fileRef = E96901581DEC172400FA12DC /* 309769.lrc */; };
		E96901831DEC172500FA12DC /* 339744.lrc in Resources */ = {isa = PBXBuildFile; fileRef = E96901591DEC172400FA12DC /* 339744.lrc */; };
		E96901841DEC172500FA12DC /* 月半小夜曲.lrc in Resources */ = {isa = PBXBuildFile; fileRef = E969015A1DEC172400FA12DC /* 月半小夜曲.lrc */; };
		E96901851DEC172500FA12DC /* 10405520.mp3 in Resources */ = {isa = PBXBuildFile; fileRef = E969015C1DEC172400FA12DC /* 10405520.mp3 */; };
		E96901861DEC172500FA12DC /* 10736444.mp3 in Resources */ = {isa = PBXBuildFile; fileRef = E969015D1DEC172400FA12DC /* 10736444.mp3 */; };
		E96901871DEC172500FA12DC /* 1201111234.mp3 in Resources */ = {isa = PBXBuildFile; fileRef = E969015E1DEC172400FA12DC /* 1201111234.mp3 */; };
		E96901881DEC172500FA12DC /* 120125029.mp3 in Resources */ = {isa = PBXBuildFile; fileRef = E969015F1DEC172400FA12DC /* 120125029.mp3 */; };
		E96901891DEC172500FA12DC /* 12309111.mp3 in Resources */ = {isa = PBXBuildFile; fileRef = E96901601DEC172400FA12DC /* 12309111.mp3 */; };
		E969018A1DEC172500FA12DC /* 14945107.mp3 in Resources */ = {isa = PBXBuildFile; fileRef = E96901611DEC172400FA12DC /* 14945107.mp3 */; };
		E969018B1DEC172500FA12DC /* 235319.mp3 in Resources */ = {isa = PBXBuildFile; fileRef = E96901621DEC172400FA12DC /* 235319.mp3 */; };
		E969018C1DEC172500FA12DC /* 255319.mp3 in Resources */ = {isa = PBXBuildFile; fileRef = E96901631DEC172400FA12DC /* 255319.mp3 */; };
		E969018D1DEC172500FA12DC /* 309769.mp3 in Resources */ = {isa = PBXBuildFile; fileRef = E96901641DEC172400FA12DC /* 309769.mp3 */; };
		E969018E1DEC172500FA12DC /* 339744.mp3 in Resources */ = {isa = PBXBuildFile; fileRef = E96901651DEC172400FA12DC /* 339744.mp3 */; };
		E969018F1DEC172500FA12DC /* Musics.plist in Resources */ = {isa = PBXBuildFile; fileRef = E96901661DEC172400FA12DC /* Musics.plist */; };
		E96901911DEC1AF600FA12DC /* PlayingViewController.swift in Sources */ = {isa = PBXBuildFile; fileRef = E96901901DEC1AF600FA12DC /* PlayingViewController.swift */; };
		E96901951DEC31C200FA12DC /* MusicTools.swift in Sources */ = {isa = PBXBuildFile; fileRef = E96901941DEC31C200FA12DC /* MusicTools.swift */; };
		E96901971DEC31EE00FA12DC /* MusicModel.swift in Sources */ = {isa = PBXBuildFile; fileRef = E96901961DEC31EE00FA12DC /* MusicModel.swift */; };
		E9B0EF7E1DEE963700C66E21 /* LrclineModel.swift in Sources */ = {isa = PBXBuildFile; fileRef = E9B0EF7D1DEE963700C66E21 /* LrclineModel.swift */; };
		E9B0EF801DEEE91800C66E21 /* LrcLabel.swift in Sources */ = {isa = PBXBuildFile; fileRef = E9B0EF7F1DEEE91800C66E21 /* LrcLabel.swift */; };
/* End PBXBuildFile section */

/* Begin PBXFileReference section */
		E94466781DEDB89E00C52338 /* LrcScrollView.swift */ = {isa = PBXFileReference; fileEncoding = 4; lastKnownFileType = sourcecode.swift; path = LrcScrollView.swift; sourceTree = "<group>"; };
		E944667A1DEDBC0B00C52338 /* LrcViewCell.swift */ = {isa = PBXFileReference; fileEncoding = 4; lastKnownFileType = sourcecode.swift; path = LrcViewCell.swift; sourceTree = "<group>"; };
		E944667C1DEDD97F00C52338 /* LrcTools.swift */ = {isa = PBXFileReference; fileEncoding = 4; lastKnownFileType = sourcecode.swift; path = LrcTools.swift; sourceTree = "<group>"; };
		E9468DDF1DED5283006514EB /* CALayer-Extension.swift */ = {isa = PBXFileReference; fileEncoding = 4; lastKnownFileType = sourcecode.swift; path = "CALayer-Extension.swift"; sourceTree = "<group>"; };
		E96901201DEC126E00FA12DC /* QQMusic.app */ = {isa = PBXFileReference; explicitFileType = wrapper.application; includeInIndex = 0; path = QQMusic.app; sourceTree = BUILT_PRODUCTS_DIR; };
		E96901231DEC126E00FA12DC /* AppDelegate.swift */ = {isa = PBXFileReference; lastKnownFileType = sourcecode.swift; path = AppDelegate.swift; sourceTree = "<group>"; };
		E96901281DEC126E00FA12DC /* Base */ = {isa = PBXFileReference; lastKnownFileType = file.storyboard; name = Base; path = Base.lproj/Main.storyboard; sourceTree = "<group>"; };
		E969012A1DEC126E00FA12DC /* Assets.xcassets */ = {isa = PBXFileReference; lastKnownFileType = folder.assetcatalog; path = Assets.xcassets; sourceTree = "<group>"; };
		E969012D1DEC126E00FA12DC /* Base */ = {isa = PBXFileReference; lastKnownFileType = file.storyboard; name = Base; path = Base.lproj/LaunchScreen.storyboard; sourceTree = "<group>"; };
		E969012F1DEC126E00FA12DC /* Info.plist */ = {isa = PBXFileReference; lastKnownFileType = text.plist.xml; path = Info.plist; sourceTree = "<group>"; };
		E969013C1DEC172400FA12DC /* bb@2x.jpg */ = {isa = PBXFileReference; lastKnownFileType = image.jpeg; path = "bb@2x.jpg"; sourceTree = "<group>"; };
		E969013D1DEC172400FA12DC /* bb_icon@2x.jpg */ = {isa = PBXFileReference; lastKnownFileType = image.jpeg; path = "bb_icon@2x.jpg"; sourceTree = "<group>"; };
		E969013E1DEC172400FA12DC /* dzq@2x.jpg */ = {isa = PBXFileReference; lastKnownFileType = image.jpeg; path = "dzq@2x.jpg"; sourceTree = "<group>"; };
		E969013F1DEC172400FA12DC /* dzq_icon@2x.jpg */ = {isa = PBXFileReference; lastKnownFileType = image.jpeg; path = "dzq_icon@2x.jpg"; sourceTree = "<group>"; };
		E96901401DEC172400FA12DC /* eason@2x.jpg */ = {isa = PBXFileReference; lastKnownFileType = image.jpeg; path = "eason@2x.jpg"; sourceTree = "<group>"; };
		E96901411DEC172400FA12DC /* eason_icon@2x.jpg */ = {isa = PBXFileReference; lastKnownFileType = image.jpeg; path = "eason_icon@2x.jpg"; sourceTree = "<group>"; };
		E96901421DEC172400FA12DC /* jay@2x.jpg */ = {isa = PBXFileReference; lastKnownFileType = image.jpeg; path = "jay@2x.jpg"; sourceTree = "<group>"; };
		E96901431DEC172400FA12DC /* jay_icon@2x.png */ = {isa = PBXFileReference; lastKnownFileType = image.png; path = "jay_icon@2x.png"; sourceTree = "<group>"; };
		E96901441DEC172400FA12DC /* jj@2x.jpg */ = {isa = PBXFileReference; lastKnownFileType = image.jpeg; path = "jj@2x.jpg"; sourceTree = "<group>"; };
		E96901451DEC172400FA12DC /* jj_icon@2x.png */ = {isa = PBXFileReference; lastKnownFileType = image.png; path = "jj_icon@2x.png"; sourceTree = "<group>"; };
		E96901461DEC172400FA12DC /* kzxd@2x.jpg */ = {isa = PBXFileReference; lastKnownFileType = image.jpeg; path = "kzxd@2x.jpg"; sourceTree = "<group>"; };
		E96901471DEC172400FA12DC /* kzxd_icon@2x.jpg */ = {isa = PBXFileReference; lastKnownFileType = image.jpeg; path = "kzxd_icon@2x.jpg"; sourceTree = "<group>"; };
		E96901481DEC172400FA12DC /* lkq@2x.jpg */ = {isa = PBXFileReference; lastKnownFileType = image.jpeg; path = "lkq@2x.jpg"; sourceTree = "<group>"; };
		E96901491DEC172400FA12DC /* lkq_icon@2x.jpg */ = {isa = PBXFileReference; lastKnownFileType = image.jpeg; path = "lkq_icon@2x.jpg"; sourceTree = "<group>"; };
		E969014A1DEC172400FA12DC /* nanquan@2x.jpg */ = {isa = PBXFileReference; lastKnownFileType = image.jpeg; path = "nanquan@2x.jpg"; sourceTree = "<group>"; };
		E969014B1DEC172400FA12DC /* nanquan_icon@2x.jpg */ = {isa = PBXFileReference; lastKnownFileType = image.jpeg; path = "nanquan_icon@2x.jpg"; sourceTree = "<group>"; };
		E969014C1DEC172400FA12DC /* wf@2x.jpg */ = {isa = PBXFileReference; lastKnownFileType = image.jpeg; path = "wf@2x.jpg"; sourceTree = "<group>"; };
		E969014D1DEC172400FA12DC /* wf_icon@2x.jpg */ = {isa = PBXFileReference; lastKnownFileType = image.jpeg; path = "wf_icon@2x.jpg"; sourceTree = "<group>"; };
		E969014E1DEC172400FA12DC /* zxy@2x.jpg */ = {isa = PBXFileReference; lastKnownFileType = image.jpeg; path = "zxy@2x.jpg"; sourceTree = "<group>"; };
		E969014F1DEC172400FA12DC /* zxy_icon@2x.jpg */ = {isa = PBXFileReference; lastKnownFileType = image.jpeg; path = "zxy_icon@2x.jpg"; sourceTree = "<group>"; };
		E96901511DEC172400FA12DC /* 10405520.lrc */ = {isa = PBXFileReference; fileEncoding = 4; lastKnownFileType = text; path = 10405520.lrc; sourceTree = "<group>"; };
		E96901521DEC172400FA12DC /* 10736444.lrc */ = {isa = PBXFileReference; fileEncoding = 4; lastKnownFileType = text; path = 10736444.lrc; sourceTree = "<group>"; };
		E96901531DEC172400FA12DC /* 120125029.lrc */ = {isa = PBXFileReference; fileEncoding = 4; lastKnownFileType = text; path = 120125029.lrc; sourceTree = "<group>"; };
		E96901541DEC172400FA12DC /* 12309111.lrc */ = {isa = PBXFileReference; fileEncoding = 4; lastKnownFileType = text; path = 12309111.lrc; sourceTree = "<group>"; };
		E96901551DEC172400FA12DC /* 14945107.lrc */ = {isa = PBXFileReference; fileEncoding = 4; lastKnownFileType = text; path = 14945107.lrc; sourceTree = "<group>"; };
		E96901561DEC172400FA12DC /* 235319.lrc */ = {isa = PBXFileReference; fileEncoding = 4; lastKnownFileType = text; path = 235319.lrc; sourceTree = "<group>"; };
		E96901571DEC172400FA12DC /* 255319.lrc */ = {isa = PBXFileReference; fileEncoding = 4; lastKnownFileType = text; path = 255319.lrc; sourceTree = "<group>"; };
		E96901581DEC172400FA12DC /* 309769.lrc */ = {isa = PBXFileReference; fileEncoding = 4; lastKnownFileType = text; path = 309769.lrc; sourceTree = "<group>"; };
		E96901591DEC172400FA12DC /* 339744.lrc */ = {isa = PBXFileReference; fileEncoding = 4; lastKnownFileType = text; path = 339744.lrc; sourceTree = "<group>"; };
		E969015A1DEC172400FA12DC /* 月半小夜曲.lrc */ = {isa = PBXFileReference; fileEncoding = 4; lastKnownFileType = text; path = "月半小夜曲.lrc"; sourceTree = "<group>"; };
		E969015C1DEC172400FA12DC /* 10405520.mp3 */ = {isa = PBXFileReference; lastKnownFileType = audio.mp3; path = 10405520.mp3; sourceTree = "<group>"; };
		E969015D1DEC172400FA12DC /* 10736444.mp3 */ = {isa = PBXFileReference; lastKnownFileType = audio.mp3; path = 10736444.mp3; sourceTree = "<group>"; };
		E969015E1DEC172400FA12DC /* 1201111234.mp3 */ = {isa = PBXFileReference; lastKnownFileType = audio.mp3; path = 1201111234.mp3; sourceTree = "<group>"; };
		E969015F1DEC172400FA12DC /* 120125029.mp3 */ = {isa = PBXFileReference; lastKnownFileType = audio.mp3; path = 120125029.mp3; sourceTree = "<group>"; };
		E96901601DEC172400FA12DC /* 12309111.mp3 */ = {isa = PBXFileReference; lastKnownFileType = audio.mp3; path = 12309111.mp3; sourceTree = "<group>"; };
		E96901611DEC172400FA12DC /* 14945107.mp3 */ = {isa = PBXFileReference; lastKnownFileType = audio.mp3; path = 14945107.mp3; sourceTree = "<group>"; };
		E96901621DEC172400FA12DC /* 235319.mp3 */ = {isa = PBXFileReference; lastKnownFileType = audio.mp3; path = 235319.mp3; sourceTree = "<group>"; };
		E96901631DEC172400FA12DC /* 255319.mp3 */ = {isa = PBXFileReference; lastKnownFileType = audio.mp3; path = 255319.mp3; sourceTree = "<group>"; };
		E96901641DEC172400FA12DC /* 309769.mp3 */ = {isa = PBXFileReference; lastKnownFileType = audio.mp3; path = 309769.mp3; sourceTree = "<group>"; };
		E96901651DEC172400FA12DC /* 339744.mp3 */ = {isa = PBXFileReference; lastKnownFileType = audio.mp3; path = 339744.mp3; sourceTree = "<group>"; };
		E96901661DEC172400FA12DC /* Musics.plist */ = {isa = PBXFileReference; fileEncoding = 4; lastKnownFileType = text.plist.xml; path = Musics.plist; sourceTree = "<group>"; };
		E96901901DEC1AF600FA12DC /* PlayingViewController.swift */ = {isa = PBXFileReference; fileEncoding = 4; lastKnownFileType = sourcecode.swift; path = PlayingViewController.swift; sourceTree = "<group>"; };
		E96901941DEC31C200FA12DC /* MusicTools.swift */ = {isa = PBXFileReference; fileEncoding = 4; lastKnownFileType = sourcecode.swift; path = MusicTools.swift; sourceTree = "<group>"; };
		E96901961DEC31EE00FA12DC /* MusicModel.swift */ = {isa = PBXFileReference; fileEncoding = 4; lastKnownFileType = sourcecode.swift; path = MusicModel.swift; sourceTree = "<group>"; };
		E9B0EF7D1DEE963700C66E21 /* LrclineModel.swift */ = {isa = PBXFileReference; fileEncoding = 4; lastKnownFileType = sourcecode.swift; path = LrclineModel.swift; sourceTree = "<group>"; };
		E9B0EF7F1DEEE91800C66E21 /* LrcLabel.swift */ = {isa = PBXFileReference; fileEncoding = 4; lastKnownFileType = sourcecode.swift; path = LrcLabel.swift; sourceTree = "<group>"; };
/* End PBXFileReference section */

/* Begin PBXFrameworksBuildPhase section */
		E969011D1DEC126E00FA12DC /* Frameworks */ = {
			isa = PBXFrameworksBuildPhase;
			buildActionMask = 2147483647;
			files = (
			);
			runOnlyForDeploymentPostprocessing = 0;
		};
/* End PBXFrameworksBuildPhase section */

/* Begin PBXGroup section */
		E96901171DEC126E00FA12DC = {
			isa = PBXGroup;
			children = (
				E96901221DEC126E00FA12DC /* QQMusic */,
				E96901211DEC126E00FA12DC /* Products */,
			);
			sourceTree = "<group>";
		};
		E96901211DEC126E00FA12DC /* Products */ = {
			isa = PBXGroup;
			children = (
				E96901201DEC126E00FA12DC /* QQMusic.app */,
			);
			name = Products;
			sourceTree = "<group>";
		};
		E96901221DEC126E00FA12DC /* QQMusic */ = {
			isa = PBXGroup;
			children = (
				E969013A1DEC172400FA12DC /* Resources */,
				E96901351DEC145D00FA12DC /* Classes */,
				E96901231DEC126E00FA12DC /* AppDelegate.swift */,
				E96901271DEC126E00FA12DC /* Main.storyboard */,
				E969012A1DEC126E00FA12DC /* Assets.xcassets */,
				E969012C1DEC126E00FA12DC /* LaunchScreen.storyboard */,
				E969012F1DEC126E00FA12DC /* Info.plist */,
			);
			path = QQMusic;
			sourceTree = "<group>";
		};
		E96901351DEC145D00FA12DC /* Classes */ = {
			isa = PBXGroup;
			children = (
				E96901361DEC145D00FA12DC /* Controller */,
				E96901371DEC145D00FA12DC /* Model */,
				E96901381DEC145D00FA12DC /* Tools */,
				E96901391DEC145D00FA12DC /* View */,
			);
			path = Classes;
			sourceTree = "<group>";
		};
		E96901361DEC145D00FA12DC /* Controller */ = {
			isa = PBXGroup;
			children = (
				E96901901DEC1AF600FA12DC /* PlayingViewController.swift */,
			);
			path = Controller;
			sourceTree = "<group>";
		};
		E96901371DEC145D00FA12DC /* Model */ = {
			isa = PBXGroup;
			children = (
				E96901961DEC31EE00FA12DC /* MusicModel.swift */,
				E9B0EF7D1DEE963700C66E21 /* LrclineModel.swift */,
			);
			path = Model;
			sourceTree = "<group>";
		};
		E96901381DEC145D00FA12DC /* Tools */ = {
			isa = PBXGroup;
			children = (
				E96901941DEC31C200FA12DC /* MusicTools.swift */,
				E9468DDF1DED5283006514EB /* CALayer-Extension.swift */,
				E944667C1DEDD97F00C52338 /* LrcTools.swift */,
			);
			path = Tools;
			sourceTree = "<group>";
		};
		E96901391DEC145D00FA12DC /* View */ = {
			isa = PBXGroup;
			children = (
				E94466781DEDB89E00C52338 /* LrcScrollView.swift */,
				E944667A1DEDBC0B00C52338 /* LrcViewCell.swift */,
				E9B0EF7F1DEEE91800C66E21 /* LrcLabel.swift */,
			);
			path = View;
			sourceTree = "<group>";
		};
		E969013A1DEC172400FA12DC /* Resources */ = {
			isa = PBXGroup;
			children = (
				E969013B1DEC172400FA12DC /* Images */,
				E96901501DEC172400FA12DC /* Lrcs */,
				E969015B1DEC172400FA12DC /* MP3s */,
				E96901661DEC172400FA12DC /* Musics.plist */,
			);
			path = Resources;
			sourceTree = "<group>";
		};
		E969013B1DEC172400FA12DC /* Images */ = {
			isa = PBXGroup;
			children = (
				E969013C1DEC172400FA12DC /* bb@2x.jpg */,
				E969013D1DEC172400FA12DC /* bb_icon@2x.jpg */,
				E969013E1DEC172400FA12DC /* dzq@2x.jpg */,
				E969013F1DEC172400FA12DC /* dzq_icon@2x.jpg */,
				E96901401DEC172400FA12DC /* eason@2x.jpg */,
				E96901411DEC172400FA12DC /* eason_icon@2x.jpg */,
				E96901421DEC172400FA12DC /* jay@2x.jpg */,
				E96901431DEC172400FA12DC /* jay_icon@2x.png */,
				E96901441DEC172400FA12DC /* jj@2x.jpg */,
				E96901451DEC172400FA12DC /* jj_icon@2x.png */,
				E96901461DEC172400FA12DC /* kzxd@2x.jpg */,
				E96901471DEC172400FA12DC /* kzxd_icon@2x.jpg */,
				E96901481DEC172400FA12DC /* lkq@2x.jpg */,
				E96901491DEC172400FA12DC /* lkq_icon@2x.jpg */,
				E969014A1DEC172400FA12DC /* nanquan@2x.jpg */,
				E969014B1DEC172400FA12DC /* nanquan_icon@2x.jpg */,
				E969014C1DEC172400FA12DC /* wf@2x.jpg */,
				E969014D1DEC172400FA12DC /* wf_icon@2x.jpg */,
				E969014E1DEC172400FA12DC /* zxy@2x.jpg */,
				E969014F1DEC172400FA12DC /* zxy_icon@2x.jpg */,
			);
			path = Images;
			sourceTree = "<group>";
		};
		E96901501DEC172400FA12DC /* Lrcs */ = {
			isa = PBXGroup;
			children = (
				E96901511DEC172400FA12DC /* 10405520.lrc */,
				E96901521DEC172400FA12DC /* 10736444.lrc */,
				E96901531DEC172400FA12DC /* 120125029.lrc */,
				E96901541DEC172400FA12DC /* 12309111.lrc */,
				E96901551DEC172400FA12DC /* 14945107.lrc */,
				E96901561DEC172400FA12DC /* 235319.lrc */,
				E96901571DEC172400FA12DC /* 255319.lrc */,
				E96901581DEC172400FA12DC /* 309769.lrc */,
				E96901591DEC172400FA12DC /* 339744.lrc */,
				E969015A1DEC172400FA12DC /* 月半小夜曲.lrc */,
			);
			path = Lrcs;
			sourceTree = "<group>";
		};
		E969015B1DEC172400FA12DC /* MP3s */ = {
			isa = PBXGroup;
			children = (
				E969015C1DEC172400FA12DC /* 10405520.mp3 */,
				E969015D1DEC172400FA12DC /* 10736444.mp3 */,
				E969015E1DEC172400FA12DC /* 1201111234.mp3 */,
				E969015F1DEC172400FA12DC /* 120125029.mp3 */,
				E96901601DEC172400FA12DC /* 12309111.mp3 */,
				E96901611DEC172400FA12DC /* 14945107.mp3 */,
				E96901621DEC172400FA12DC /* 235319.mp3 */,
				E96901631DEC172400FA12DC /* 255319.mp3 */,
				E96901641DEC172400FA12DC /* 309769.mp3 */,
				E96901651DEC172400FA12DC /* 339744.mp3 */,
			);
			path = MP3s;
			sourceTree = "<group>";
		};
/* End PBXGroup section */

/* Begin PBXNativeTarget section */
		E969011F1DEC126E00FA12DC /* QQMusic */ = {
			isa = PBXNativeTarget;
			buildConfigurationList = E96901321DEC126E00FA12DC /* Build configuration list for PBXNativeTarget "QQMusic" */;
			buildPhases = (
				E969011C1DEC126E00FA12DC /* Sources */,
				E969011D1DEC126E00FA12DC /* Frameworks */,
				E969011E1DEC126E00FA12DC /* Resources */,
			);
			buildRules = (
			);
			dependencies = (
			);
			name = QQMusic;
			productName = QQMusic;
			productReference = E96901201DEC126E00FA12DC /* QQMusic.app */;
			productType = "com.apple.product-type.application";
		};
/* End PBXNativeTarget section */

/* Begin PBXProject section */
		E96901181DEC126E00FA12DC /* Project object */ = {
			isa = PBXProject;
			attributes = {
				LastSwiftUpdateCheck = 0810;
				LastUpgradeCheck = 0810;
				ORGANIZATIONNAME = Lenhulk;
				TargetAttributes = {
					E969011F1DEC126E00FA12DC = {
						CreatedOnToolsVersion = 8.1;
						DevelopmentTeam = ZF463HMDY2;
						ProvisioningStyle = Automatic;
						SystemCapabilities = {
							com.apple.BackgroundModes = {
								enabled = 1;
							};
						};
					};
				};
			};
			buildConfigurationList = E969011B1DEC126E00FA12DC /* Build configuration list for PBXProject "QQMusic" */;
			compatibilityVersion = "Xcode 3.2";
			developmentRegion = English;
			hasScannedForEncodings = 0;
			knownRegions = (
				en,
				Base,
			);
			mainGroup = E96901171DEC126E00FA12DC;
			productRefGroup = E96901211DEC126E00FA12DC /* Products */;
			projectDirPath = "";
			projectRoot = "";
			targets = (
				E969011F1DEC126E00FA12DC /* QQMusic */,
			);
		};
/* End PBXProject section */

/* Begin PBXResourcesBuildPhase section */
		E969011E1DEC126E00FA12DC /* Resources */ = {
			isa = PBXResourcesBuildPhase;
			buildActionMask = 2147483647;
			files = (
				E96901811DEC172500FA12DC /* 255319.lrc in Resources */,
				E969017C1DEC172400FA12DC /* 10736444.lrc in Resources */,
				E96901891DEC172500FA12DC /* 12309111.mp3 in Resources */,
				E96901761DEC172400FA12DC /* nanquan_icon@2x.jpg in Resources */,
				E96901701DEC172400FA12DC /* jj_icon@2x.png in Resources */,
				E96901871DEC172500FA12DC /* 1201111234.mp3 in Resources */,
				E969018F1DEC172500FA12DC /* Musics.plist in Resources */,
				E96901861DEC172500FA12DC /* 10736444.mp3 in Resources */,
				E969016E1DEC172400FA12DC /* jay_icon@2x.png in Resources */,
				E969018A1DEC172500FA12DC /* 14945107.mp3 in Resources */,
				E96901681DEC172400FA12DC /* bb_icon@2x.jpg in Resources */,
				E969017B1DEC172400FA12DC /* 10405520.lrc in Resources */,
				E96901721DEC172400FA12DC /* kzxd_icon@2x.jpg in Resources */,
				E969016D1DEC172400FA12DC /* jay@2x.jpg in Resources */,
				E969012E1DEC126E00FA12DC /* LaunchScreen.storyboard in Resources */,
				E969017A1DEC172400FA12DC /* zxy_icon@2x.jpg in Resources */,
				E969018C1DEC172500FA12DC /* 255319.mp3 in Resources */,
				E96901771DEC172400FA12DC /* wf@2x.jpg in Resources */,
				E96901691DEC172400FA12DC /* dzq@2x.jpg in Resources */,
				E96901781DEC172400FA12DC /* wf_icon@2x.jpg in Resources */,
				E969016C1DEC172400FA12DC /* eason_icon@2x.jpg in Resources */,
				E96901881DEC172500FA12DC /* 120125029.mp3 in Resources */,
				E96901851DEC172500FA12DC /* 10405520.mp3 in Resources */,
				E96901711DEC172400FA12DC /* kzxd@2x.jpg in Resources */,
				E96901741DEC172400FA12DC /* lkq_icon@2x.jpg in Resources */,
				E969018B1DEC172500FA12DC /* 235319.mp3 in Resources */,
				E969017E1DEC172400FA12DC /* 12309111.lrc in Resources */,
				E969016F1DEC172400FA12DC /* jj@2x.jpg in Resources */,
				E96901791DEC172400FA12DC /* zxy@2x.jpg in Resources */,
				E969016B1DEC172400FA12DC /* eason@2x.jpg in Resources */,
				E96901731DEC172400FA12DC /* lkq@2x.jpg in Resources */,
				E96901821DEC172500FA12DC /* 309769.lrc in Resources */,
				E96901831DEC172500FA12DC /* 339744.lrc in Resources */,
				E96901841DEC172500FA12DC /* 月半小夜曲.lrc in Resources */,
				E969016A1DEC172400FA12DC /* dzq_icon@2x.jpg in Resources */,
				E969017F1DEC172400FA12DC /* 14945107.lrc in Resources */,
				E969012B1DEC126E00FA12DC /* Assets.xcassets in Resources */,
				E969018D1DEC172500FA12DC /* 309769.mp3 in Resources */,
				E969017D1DEC172400FA12DC /* 120125029.lrc in Resources */,
				E96901671DEC172400FA12DC /* bb@2x.jpg in Resources */,
				E96901801DEC172500FA12DC /* 235319.lrc in Resources */,
				E96901291DEC126E00FA12DC /* Main.storyboard in Resources */,
				E96901751DEC172400FA12DC /* nanquan@2x.jpg in Resources */,
				E969018E1DEC172500FA12DC /* 339744.mp3 in Resources */,
			);
			runOnlyForDeploymentPostprocessing = 0;
		};
/* End PBXResourcesBuildPhase section */

/* Begin PBXSourcesBuildPhase section */
		E969011C1DEC126E00FA12DC /* Sources */ = {
			isa = PBXSourcesBuildPhase;
			buildActionMask = 2147483647;
			files = (
				E9B0EF801DEEE91800C66E21 /* LrcLabel.swift in Sources */,
				E9468DE01DED5283006514EB /* CALayer-Extension.swift in Sources */,
				E96901241DEC126E00FA12DC /* AppDelegate.swift in Sources */,
				E96901971DEC31EE00FA12DC /* MusicModel.swift in Sources */,
				E944667D1DEDD97F00C52338 /* LrcTools.swift in Sources */,
				E9B0EF7E1DEE963700C66E21 /* LrclineModel.swift in Sources */,
				E94466791DEDB89E00C52338 /* LrcScrollView.swift in Sources */,
				E96901951DEC31C200FA12DC /* MusicTools.swift in Sources */,
				E96901911DEC1AF600FA12DC /* PlayingViewController.swift in Sources */,
				E944667B1DEDBC0B00C52338 /* LrcViewCell.swift in Sources */,
			);
			runOnlyForDeploymentPostprocessing = 0;
		};
/* End PBXSourcesBuildPhase section */

/* Begin PBXVariantGroup section */
		E96901271DEC126E00FA12DC /* Main.storyboard */ = {
			isa = PBXVariantGroup;
			children = (
				E96901281DEC126E00FA12DC /* Base */,
			);
			name = Main.storyboard;
			sourceTree = "<group>";
		};
		E969012C1DEC126E00FA12DC /* LaunchScreen.storyboard */ = {
			isa = PBXVariantGroup;
			children = (
				E969012D1DEC126E00FA12DC /* Base */,
			);
			name = LaunchScreen.storyboard;
			sourceTree = "<group>";
		};
/* End PBXVariantGroup section */

/* Begin XCBuildConfiguration section */
		E96901301DEC126E00FA12DC /* Debug */ = {
			isa = XCBuildConfiguration;
			buildSettings = {
				ALWAYS_SEARCH_USER_PATHS = NO;
				CLANG_ANALYZER_NONNULL = YES;
				CLANG_CXX_LANGUAGE_STANDARD = "gnu++0x";
				CLANG_CXX_LIBRARY = "libc++";
				CLANG_ENABLE_MODULES = YES;
				CLANG_ENABLE_OBJC_ARC = YES;
				CLANG_WARN_BOOL_CONVERSION = YES;
				CLANG_WARN_CONSTANT_CONVERSION = YES;
				CLANG_WARN_DIRECT_OBJC_ISA_USAGE = YES_ERROR;
				CLANG_WARN_DOCUMENTATION_COMMENTS = YES;
				CLANG_WARN_EMPTY_BODY = YES;
				CLANG_WARN_ENUM_CONVERSION = YES;
				CLANG_WARN_INFINITE_RECURSION = YES;
				CLANG_WARN_INT_CONVERSION = YES;
				CLANG_WARN_OBJC_ROOT_CLASS = YES_ERROR;
				CLANG_WARN_SUSPICIOUS_MOVES = YES;
				CLANG_WARN_UNREACHABLE_CODE = YES;
				CLANG_WARN__DUPLICATE_METHOD_MATCH = YES;
				"CODE_SIGN_IDENTITY[sdk=iphoneos*]" = "iPhone Developer";
				COPY_PHASE_STRIP = NO;
				DEBUG_INFORMATION_FORMAT = dwarf;
				ENABLE_STRICT_OBJC_MSGSEND = YES;
				ENABLE_TESTABILITY = YES;
				GCC_C_LANGUAGE_STANDARD = gnu99;
				GCC_DYNAMIC_NO_PIC = NO;
				GCC_NO_COMMON_BLOCKS = YES;
				GCC_OPTIMIZATION_LEVEL = 0;
				GCC_PREPROCESSOR_DEFINITIONS = (
					"DEBUG=1",
					"$(inherited)",
				);
				GCC_WARN_64_TO_32_BIT_CONVERSION = YES;
				GCC_WARN_ABOUT_RETURN_TYPE = YES_ERROR;
				GCC_WARN_UNDECLARED_SELECTOR = YES;
				GCC_WARN_UNINITIALIZED_AUTOS = YES_AGGRESSIVE;
				GCC_WARN_UNUSED_FUNCTION = YES;
				GCC_WARN_UNUSED_VARIABLE = YES;
				IPHONEOS_DEPLOYMENT_TARGET = 10.1;
				MTL_ENABLE_DEBUG_INFO = YES;
				ONLY_ACTIVE_ARCH = YES;
				SDKROOT = iphoneos;
				SWIFT_ACTIVE_COMPILATION_CONDITIONS = DEBUG;
				SWIFT_OPTIMIZATION_LEVEL = "-Onone";
				TARGETED_DEVICE_FAMILY = "1,2";
			};
			name = Debug;
		};
		E96901311DEC126E00FA12DC /* Release */ = {
			isa = XCBuildConfiguration;
			buildSettings = {
				ALWAYS_SEARCH_USER_PATHS = NO;
				CLANG_ANALYZER_NONNULL = YES;
				CLANG_CXX_LANGUAGE_STANDARD = "gnu++0x";
				CLANG_CXX_LIBRARY = "libc++";
				CLANG_ENABLE_MODULES = YES;
				CLANG_ENABLE_OBJC_ARC = YES;
				CLANG_WARN_BOOL_CONVERSION = YES;
				CLANG_WARN_CONSTANT_CONVERSION = YES;
				CLANG_WARN_DIRECT_OBJC_ISA_USAGE = YES_ERROR;
				CLANG_WARN_DOCUMENTATION_COMMENTS = YES;
				CLANG_WARN_EMPTY_BODY = YES;
				CLANG_WARN_ENUM_CONVERSION = YES;
				CLANG_WARN_INFINITE_RECURSION = YES;
				CLANG_WARN_INT_CONVERSION = YES;
				CLANG_WARN_OBJC_ROOT_CLASS = YES_ERROR;
				CLANG_WARN_SUSPICIOUS_MOVES = YES;
				CLANG_WARN_UNREACHABLE_CODE = YES;
				CLANG_WARN__DUPLICATE_METHOD_MATCH = YES;
				"CODE_SIGN_IDENTITY[sdk=iphoneos*]" = "iPhone Developer";
				COPY_PHASE_STRIP = NO;
				DEBUG_INFORMATION_FORMAT = "dwarf-with-dsym";
				ENABLE_NS_ASSERTIONS = NO;
				ENABLE_STRICT_OBJC_MSGSEND = YES;
				GCC_C_LANGUAGE_STANDARD = gnu99;
				GCC_NO_COMMON_BLOCKS = YES;
				GCC_WARN_64_TO_32_BIT_CONVERSION = YES;
				GCC_WARN_ABOUT_RETURN_TYPE = YES_ERROR;
				GCC_WARN_UNDECLARED_SELECTOR = YES;
				GCC_WARN_UNINITIALIZED_AUTOS = YES_AGGRESSIVE;
				GCC_WARN_UNUSED_FUNCTION = YES;
				GCC_WARN_UNUSED_VARIABLE = YES;
				IPHONEOS_DEPLOYMENT_TARGET = 10.1;
				MTL_ENABLE_DEBUG_INFO = NO;
				SDKROOT = iphoneos;
				SWIFT_OPTIMIZATION_LEVEL = "-Owholemodule";
				TARGETED_DEVICE_FAMILY = "1,2";
				VALIDATE_PRODUCT = YES;
			};
			name = Release;
		};
		E96901331DEC126E00FA12DC /* Debug */ = {
			isa = XCBuildConfiguration;
			buildSettings = {
				ASSETCATALOG_COMPILER_APPICON_NAME = AppIcon;
				ASSETCATALOG_COMPILER_LAUNCHIMAGE_NAME = LaunchImage;
				"CODE_SIGN_IDENTITY[sdk=iphoneos*]" = "iPhone Developer";
				DEVELOPMENT_TEAM = ZF463HMDY2;
				INFOPLIST_FILE = QQMusic/Info.plist;
				IPHONEOS_DEPLOYMENT_TARGET = 8.0;
				LD_RUNPATH_SEARCH_PATHS = "$(inherited) @executable_path/Frameworks";
				PRODUCT_BUNDLE_IDENTIFIER = com.crazy.QQMusic;
				PRODUCT_NAME = "$(TARGET_NAME)";
				SWIFT_VERSION = 3.0;
			};
			name = Debug;
		};
		E96901341DEC126E00FA12DC /* Release */ = {
			isa = XCBuildConfiguration;
			buildSettings = {
				ASSETCATALOG_COMPILER_APPICON_NAME = AppIcon;
				ASSETCATALOG_COMPILER_LAUNCHIMAGE_NAME = LaunchImage;
				"CODE_SIGN_IDENTITY[sdk=iphoneos*]" = "iPhone Developer";
				DEVELOPMENT_TEAM = ZF463HMDY2;
				INFOPLIST_FILE = QQMusic/Info.plist;
				IPHONEOS_DEPLOYMENT_TARGET = 8.0;
				LD_RUNPATH_SEARCH_PATHS = "$(inherited) @executable_path/Frameworks";
				PRODUCT_BUNDLE_IDENTIFIER = com.crazy.QQMusic;
				PRODUCT_NAME = "$(TARGET_NAME)";
				SWIFT_VERSION = 3.0;
			};
			name = Release;
		};
/* End XCBuildConfiguration section */

/* Begin XCConfigurationList section */
		E969011B1DEC126E00FA12DC /* Build configuration list for PBXProject "QQMusic" */ = {
			isa = XCConfigurationList;
			buildConfigurations = (
				E96901301DEC126E00FA12DC /* Debug */,
				E96901311DEC126E00FA12DC /* Release */,
			);
			defaultConfigurationIsVisible = 0;
			defaultConfigurationName = Release;
		};
		E96901321DEC126E00FA12DC /* Build configuration list for PBXNativeTarget "QQMusic" */ = {
			isa = XCConfigurationList;
			buildConfigurations = (
				E96901331DEC126E00FA12DC /* Debug */,
				E96901341DEC126E00FA12DC /* Release */,
			);
			defaultConfigurationIsVisible = 0;
			defaultConfigurationName = Release;
		};
/* End XCConfigurationList section */
	};
	rootObject = E96901181DEC126E00FA12DC /* Project object */;
}
